// !$*UTF8*$!
{
	archiveVersion = 1;
	classes = {
	};
	objectVersion = 50;
	objects = {

/* Begin PBXBuildFile section */
		D9154BC32358E9FD00765269 /* AppDelegate.swift in Sources */ = {isa = PBXBuildFile; fileRef = D9154BC22358E9FD00765269 /* AppDelegate.swift */; };
		D9154BC52358E9FD00765269 /* SceneDelegate.swift in Sources */ = {isa = PBXBuildFile; fileRef = D9154BC42358E9FD00765269 /* SceneDelegate.swift */; };
		D9154BC72358E9FD00765269 /* ViewController.swift in Sources */ = {isa = PBXBuildFile; fileRef = D9154BC62358E9FD00765269 /* ViewController.swift */; };
		D9154BCA2358E9FD00765269 /* Main.storyboard in Resources */ = {isa = PBXBuildFile; fileRef = D9154BC82358E9FD00765269 /* Main.storyboard */; };
		D9154BCC2358E9FE00765269 /* Assets.xcassets in Resources */ = {isa = PBXBuildFile; fileRef = D9154BCB2358E9FE00765269 /* Assets.xcassets */; };
		D9154BCF2358E9FE00765269 /* LaunchScreen.storyboard in Resources */ = {isa = PBXBuildFile; fileRef = D9154BCD2358E9FE00765269 /* LaunchScreen.storyboard */; };
		D9154BD82358EA2700765269 /* ArcGIS.framework in Frameworks */ = {isa = PBXBuildFile; fileRef = D9154BD72358EA2700765269 /* ArcGIS.framework */; };
		D9154BD92358EA2700765269 /* ArcGIS.framework in Embed Frameworks */ = {isa = PBXBuildFile; fileRef = D9154BD72358EA2700765269 /* ArcGIS.framework */; settings = {ATTRIBUTES = (CodeSignOnCopy, RemoveHeadersOnCopy, ); }; };
		D9154BDD2359244600765269 /* DemoTouchView.swift in Sources */ = {isa = PBXBuildFile; fileRef = D9154BDB2359244600765269 /* DemoTouchView.swift */; };
		D9154BDE2359244600765269 /* Settings.bundle in Resources */ = {isa = PBXBuildFile; fileRef = D9154BDC2359244600765269 /* Settings.bundle */; };
/* End PBXBuildFile section */

/* Begin PBXCopyFilesBuildPhase section */
		D9154BDA2358EA2700765269 /* Embed Frameworks */ = {
			isa = PBXCopyFilesBuildPhase;
			buildActionMask = 2147483647;
			dstPath = "";
			dstSubfolderSpec = 10;
			files = (
				D9154BD92358EA2700765269 /* ArcGIS.framework in Embed Frameworks */,
			);
			name = "Embed Frameworks";
			runOnlyForDeploymentPostprocessing = 0;
		};
/* End PBXCopyFilesBuildPhase section */

/* Begin PBXFileReference section */
		D9154BBF2358E9FD00765269 /* AltavianDemo.app */ = {isa = PBXFileReference; explicitFileType = wrapper.application; includeInIndex = 0; path = AltavianDemo.app; sourceTree = BUILT_PRODUCTS_DIR; };
		D9154BC22358E9FD00765269 /* AppDelegate.swift */ = {isa = PBXFileReference; lastKnownFileType = sourcecode.swift; path = AppDelegate.swift; sourceTree = "<group>"; };
		D9154BC42358E9FD00765269 /* SceneDelegate.swift */ = {isa = PBXFileReference; lastKnownFileType = sourcecode.swift; path = SceneDelegate.swift; sourceTree = "<group>"; };
		D9154BC62358E9FD00765269 /* ViewController.swift */ = {isa = PBXFileReference; lastKnownFileType = sourcecode.swift; path = ViewController.swift; sourceTree = "<group>"; };
		D9154BC92358E9FD00765269 /* Base */ = {isa = PBXFileReference; lastKnownFileType = file.storyboard; name = Base; path = Base.lproj/Main.storyboard; sourceTree = "<group>"; };
		D9154BCB2358E9FE00765269 /* Assets.xcassets */ = {isa = PBXFileReference; lastKnownFileType = folder.assetcatalog; path = Assets.xcassets; sourceTree = "<group>"; };
		D9154BCE2358E9FE00765269 /* Base */ = {isa = PBXFileReference; lastKnownFileType = file.storyboard; name = Base; path = Base.lproj/LaunchScreen.storyboard; sourceTree = "<group>"; };
		D9154BD02358E9FE00765269 /* Info.plist */ = {isa = PBXFileReference; lastKnownFileType = text.plist.xml; path = Info.plist; sourceTree = "<group>"; };
		D9154BD72358EA2700765269 /* ArcGIS.framework */ = {isa = PBXFileReference; lastKnownFileType = wrapper.framework; name = ArcGIS.framework; path = ../../../../Library/SDKs/ArcGIS/iOS/Frameworks/Dynamic/ArcGIS.framework; sourceTree = "<group>"; };
		D9154BDB2359244600765269 /* DemoTouchView.swift */ = {isa = PBXFileReference; fileEncoding = 4; lastKnownFileType = sourcecode.swift; path = DemoTouchView.swift; sourceTree = "<group>"; };
		D9154BDC2359244600765269 /* Settings.bundle */ = {isa = PBXFileReference; lastKnownFileType = "wrapper.plug-in"; path = Settings.bundle; sourceTree = "<group>"; };
/* End PBXFileReference section */

/* Begin PBXFrameworksBuildPhase section */
		D9154BBC2358E9FD00765269 /* Frameworks */ = {
			isa = PBXFrameworksBuildPhase;
			buildActionMask = 2147483647;
			files = (
				D9154BD82358EA2700765269 /* ArcGIS.framework in Frameworks */,
			);
			runOnlyForDeploymentPostprocessing = 0;
		};
/* End PBXFrameworksBuildPhase section */

/* Begin PBXGroup section */
		D9154BB62358E9FD00765269 = {
			isa = PBXGroup;
			children = (
				D9154BC12358E9FD00765269 /* AltavianDemo */,
				D9154BC02358E9FD00765269 /* Products */,
				D9154BD62358EA2600765269 /* Frameworks */,
			);
			sourceTree = "<group>";
		};
		D9154BC02358E9FD00765269 /* Products */ = {
			isa = PBXGroup;
			children = (
				D9154BBF2358E9FD00765269 /* AltavianDemo.app */,
			);
			name = Products;
			sourceTree = "<group>";
		};
		D9154BC12358E9FD00765269 /* AltavianDemo */ = {
			isa = PBXGroup;
			children = (
				D9154BC22358E9FD00765269 /* AppDelegate.swift */,
				D9154BC42358E9FD00765269 /* SceneDelegate.swift */,
				D9154BC62358E9FD00765269 /* ViewController.swift */,
				D9154BC82358E9FD00765269 /* Main.storyboard */,
				D9154BCB2358E9FE00765269 /* Assets.xcassets */,
				D9154BCD2358E9FE00765269 /* LaunchScreen.storyboard */,
				D9154BD02358E9FE00765269 /* Info.plist */,
				D9154BDB2359244600765269 /* DemoTouchView.swift */,
				D9154BDC2359244600765269 /* Settings.bundle */,
			);
			path = AltavianDemo;
			sourceTree = "<group>";
		};
		D9154BD62358EA2600765269 /* Frameworks */ = {
			isa = PBXGroup;
			children = (
				D9154BD72358EA2700765269 /* ArcGIS.framework */,
			);
			name = Frameworks;
			sourceTree = "<group>";
		};
/* End PBXGroup section */

/* Begin PBXNativeTarget section */
		D9154BBE2358E9FD00765269 /* AltavianDemo */ = {
			isa = PBXNativeTarget;
			buildConfigurationList = D9154BD32358E9FE00765269 /* Build configuration list for PBXNativeTarget "AltavianDemo" */;
			buildPhases = (
				D9154BBB2358E9FD00765269 /* Sources */,
				D9154BBC2358E9FD00765269 /* Frameworks */,
				D9154BBD2358E9FD00765269 /* Resources */,
				D9154BDA2358EA2700765269 /* Embed Frameworks */,
			);
			buildRules = (
			);
			dependencies = (
			);
			name = AltavianDemo;
			productName = AltavianDemo;
			productReference = D9154BBF2358E9FD00765269 /* AltavianDemo.app */;
			productType = "com.apple.product-type.application";
		};
/* End PBXNativeTarget section */

/* Begin PBXProject section */
		D9154BB72358E9FD00765269 /* Project object */ = {
			isa = PBXProject;
			attributes = {
				LastSwiftUpdateCheck = 1110;
				LastUpgradeCheck = 1110;
				ORGANIZATIONNAME = Esri;
				TargetAttributes = {
					D9154BBE2358E9FD00765269 = {
						CreatedOnToolsVersion = 11.1;
					};
				};
			};
			buildConfigurationList = D9154BBA2358E9FD00765269 /* Build configuration list for PBXProject "AltavianDemo" */;
			compatibilityVersion = "Xcode 9.3";
			developmentRegion = en;
			hasScannedForEncodings = 0;
			knownRegions = (
				en,
				Base,
			);
			mainGroup = D9154BB62358E9FD00765269;
			productRefGroup = D9154BC02358E9FD00765269 /* Products */;
			projectDirPath = "";
			projectRoot = "";
			targets = (
				D9154BBE2358E9FD00765269 /* AltavianDemo */,
			);
		};
/* End PBXProject section */

/* Begin PBXResourcesBuildPhase section */
		D9154BBD2358E9FD00765269 /* Resources */ = {
			isa = PBXResourcesBuildPhase;
			buildActionMask = 2147483647;
			files = (
				D9154BDE2359244600765269 /* Settings.bundle in Resources */,
				D9154BCF2358E9FE00765269 /* LaunchScreen.storyboard in Resources */,
				D9154BCC2358E9FE00765269 /* Assets.xcassets in Resources */,
				D9154BCA2358E9FD00765269 /* Main.storyboard in Resources */,
			);
			runOnlyForDeploymentPostprocessing = 0;
		};
/* End PBXResourcesBuildPhase section */

/* Begin PBXSourcesBuildPhase section */
		D9154BBB2358E9FD00765269 /* Sources */ = {
			isa = PBXSourcesBuildPhase;
			buildActionMask = 2147483647;
			files = (
				D9154BC72358E9FD00765269 /* ViewController.swift in Sources */,
				D9154BDD2359244600765269 /* DemoTouchView.swift in Sources */,
				D9154BC32358E9FD00765269 /* AppDelegate.swift in Sources */,
				D9154BC52358E9FD00765269 /* SceneDelegate.swift in Sources */,
			);
			runOnlyForDeploymentPostprocessing = 0;
		};
/* End PBXSourcesBuildPhase section */

/* Begin PBXVariantGroup section */
		D9154BC82358E9FD00765269 /* Main.storyboard */ = {
			isa = PBXVariantGroup;
			children = (
				D9154BC92358E9FD00765269 /* Base */,
			);
			name = Main.storyboard;
			sourceTree = "<group>";
		};
		D9154BCD2358E9FE00765269 /* LaunchScreen.storyboard */ = {
			isa = PBXVariantGroup;
			children = (
				D9154BCE2358E9FE00765269 /* Base */,
			);
			name = LaunchScreen.storyboard;
			sourceTree = "<group>";
		};
/* End PBXVariantGroup section */

/* Begin XCBuildConfiguration section */
		D9154BD12358E9FE00765269 /* Debug */ = {
			isa = XCBuildConfiguration;
			buildSettings = {
				ALWAYS_SEARCH_USER_PATHS = NO;
				CLANG_ANALYZER_NONNULL = YES;
				CLANG_ANALYZER_NUMBER_OBJECT_CONVERSION = YES_AGGRESSIVE;
				CLANG_CXX_LANGUAGE_STANDARD = "gnu++14";
				CLANG_CXX_LIBRARY = "libc++";
				CLANG_ENABLE_MODULES = YES;
				CLANG_ENABLE_OBJC_ARC = YES;
				CLANG_ENABLE_OBJC_WEAK = YES;
				CLANG_WARN_BLOCK_CAPTURE_AUTORELEASING = YES;
				CLANG_WARN_BOOL_CONVERSION = YES;
				CLANG_WARN_COMMA = YES;
				CLANG_WARN_CONSTANT_CONVERSION = YES;
				CLANG_WARN_DEPRECATED_OBJC_IMPLEMENTATIONS = YES;
				CLANG_WARN_DIRECT_OBJC_ISA_USAGE = YES_ERROR;
				CLANG_WARN_DOCUMENTATION_COMMENTS = YES;
				CLANG_WARN_EMPTY_BODY = YES;
				CLANG_WARN_ENUM_CONVERSION = YES;
				CLANG_WARN_INFINITE_RECURSION = YES;
				CLANG_WARN_INT_CONVERSION = YES;
				CLANG_WARN_NON_LITERAL_NULL_CONVERSION = YES;
				CLANG_WARN_OBJC_IMPLICIT_RETAIN_SELF = YES;
				CLANG_WARN_OBJC_LITERAL_CONVERSION = YES;
				CLANG_WARN_OBJC_ROOT_CLASS = YES_ERROR;
				CLANG_WARN_RANGE_LOOP_ANALYSIS = YES;
				CLANG_WARN_STRICT_PROTOTYPES = YES;
				CLANG_WARN_SUSPICIOUS_MOVE = YES;
				CLANG_WARN_UNGUARDED_AVAILABILITY = YES_AGGRESSIVE;
				CLANG_WARN_UNREACHABLE_CODE = YES;
				CLANG_WARN__DUPLICATE_METHOD_MATCH = YES;
				COPY_PHASE_STRIP = NO;
				DEBUG_INFORMATION_FORMAT = dwarf;
				ENABLE_STRICT_OBJC_MSGSEND = YES;
				ENABLE_TESTABILITY = YES;
				GCC_C_LANGUAGE_STANDARD = gnu11;
				GCC_DYNAMIC_NO_PIC = NO;
				GCC_NO_COMMON_BLOCKS = YES;
				GCC_OPTIMIZATION_LEVEL = 0;
				GCC_PREPROCESSOR_DEFINITIONS = (
					"DEBUG=1",
					"$(inherited)",
				);
				GCC_WARN_64_TO_32_BIT_CONVERSION = YES;
				GCC_WARN_ABOUT_RETURN_TYPE = YES_ERROR;
				GCC_WARN_UNDECLARED_SELECTOR = YES;
				GCC_WARN_UNINITIALIZED_AUTOS = YES_AGGRESSIVE;
				GCC_WARN_UNUSED_FUNCTION = YES;
				GCC_WARN_UNUSED_VARIABLE = YES;
				IPHONEOS_DEPLOYMENT_TARGET = 13.1;
				MTL_ENABLE_DEBUG_INFO = INCLUDE_SOURCE;
				MTL_FAST_MATH = YES;
				ONLY_ACTIVE_ARCH = YES;
				SDKROOT = iphoneos;
				SWIFT_ACTIVE_COMPILATION_CONDITIONS = DEBUG;
				SWIFT_OPTIMIZATION_LEVEL = "-Onone";
			};
			name = Debug;
		};
		D9154BD22358E9FE00765269 /* Release */ = {
			isa = XCBuildConfiguration;
			buildSettings = {
				ALWAYS_SEARCH_USER_PATHS = NO;
				CLANG_ANALYZER_NONNULL = YES;
				CLANG_ANALYZER_NUMBER_OBJECT_CONVERSION = YES_AGGRESSIVE;
				CLANG_CXX_LANGUAGE_STANDARD = "gnu++14";
				CLANG_CXX_LIBRARY = "libc++";
				CLANG_ENABLE_MODULES = YES;
				CLANG_ENABLE_OBJC_ARC = YES;
				CLANG_ENABLE_OBJC_WEAK = YES;
				CLANG_WARN_BLOCK_CAPTURE_AUTORELEASING = YES;
				CLANG_WARN_BOOL_CONVERSION = YES;
				CLANG_WARN_COMMA = YES;
				CLANG_WARN_CONSTANT_CONVERSION = YES;
				CLANG_WARN_DEPRECATED_OBJC_IMPLEMENTATIONS = YES;
				CLANG_WARN_DIRECT_OBJC_ISA_USAGE = YES_ERROR;
				CLANG_WARN_DOCUMENTATION_COMMENTS = YES;
				CLANG_WARN_EMPTY_BODY = YES;
				CLANG_WARN_ENUM_CONVERSION = YES;
				CLANG_WARN_INFINITE_RECURSION = YES;
				CLANG_WARN_INT_CONVERSION = YES;
				CLANG_WARN_NON_LITERAL_NULL_CONVERSION = YES;
				CLANG_WARN_OBJC_IMPLICIT_RETAIN_SELF = YES;
				CLANG_WARN_OBJC_LITERAL_CONVERSION = YES;
				CLANG_WARN_OBJC_ROOT_CLASS = YES_ERROR;
				CLANG_WARN_RANGE_LOOP_ANALYSIS = YES;
				CLANG_WARN_STRICT_PROTOTYPES = YES;
				CLANG_WARN_SUSPICIOUS_MOVE = YES;
				CLANG_WARN_UNGUARDED_AVAILABILITY = YES_AGGRESSIVE;
				CLANG_WARN_UNREACHABLE_CODE = YES;
				CLANG_WARN__DUPLICATE_METHOD_MATCH = YES;
				COPY_PHASE_STRIP = NO;
				DEBUG_INFORMATION_FORMAT = "dwarf-with-dsym";
				ENABLE_NS_ASSERTIONS = NO;
				ENABLE_STRICT_OBJC_MSGSEND = YES;
				GCC_C_LANGUAGE_STANDARD = gnu11;
				GCC_NO_COMMON_BLOCKS = YES;
				GCC_WARN_64_TO_32_BIT_CONVERSION = YES;
				GCC_WARN_ABOUT_RETURN_TYPE = YES_ERROR;
				GCC_WARN_UNDECLARED_SELECTOR = YES;
				GCC_WARN_UNINITIALIZED_AUTOS = YES_AGGRESSIVE;
				GCC_WARN_UNUSED_FUNCTION = YES;
				GCC_WARN_UNUSED_VARIABLE = YES;
				IPHONEOS_DEPLOYMENT_TARGET = 13.1;
				MTL_ENABLE_DEBUG_INFO = NO;
				MTL_FAST_MATH = YES;
				SDKROOT = iphoneos;
				SWIFT_COMPILATION_MODE = wholemodule;
				SWIFT_OPTIMIZATION_LEVEL = "-O";
				VALIDATE_PRODUCT = YES;
			};
			name = Release;
		};
		D9154BD42358E9FE00765269 /* Debug */ = {
			isa = XCBuildConfiguration;
			buildSettings = {
				ASSETCATALOG_COMPILER_APPICON_NAME = AppIcon;
				CODE_SIGN_STYLE = Automatic;
				DEVELOPMENT_TEAM = "";
				FRAMEWORK_SEARCH_PATHS = (
					"$(inherited)",
					"$(USER_LIBRARY_DIR)/SDKs/ArcGIS/iOS/Frameworks/Dynamic",
				);
				INFOPLIST_FILE = AltavianDemo/Info.plist;
				LD_RUNPATH_SEARCH_PATHS = (
					"$(inherited)",
					"@executable_path/Frameworks",
				);
				PRODUCT_BUNDLE_IDENTIFIER = com.esri.runtime.productmanagement.AltavianDemo;
				PRODUCT_NAME = "$(TARGET_NAME)";
				SWIFT_VERSION = 5.0;
				TARGETED_DEVICE_FAMILY = "1,2";
			};
			name = Debug;
		};
		D9154BD52358E9FE00765269 /* Release */ = {
			isa = XCBuildConfiguration;
			buildSettings = {
				ASSETCATALOG_COMPILER_APPICON_NAME = AppIcon;
				CODE_SIGN_STYLE = Automatic;
				DEVELOPMENT_TEAM = "";
				FRAMEWORK_SEARCH_PATHS = (
					"$(inherited)",
					"$(USER_LIBRARY_DIR)/SDKs/ArcGIS/iOS/Frameworks/Dynamic",
				);
				INFOPLIST_FILE = AltavianDemo/Info.plist;
				LD_RUNPATH_SEARCH_PATHS = (
					"$(inherited)",
					"@executable_path/Frameworks",
				);
				PRODUCT_BUNDLE_IDENTIFIER = com.esri.runtime.productmanagement.AltavianDemo;
				PRODUCT_NAME = "$(TARGET_NAME)";
				SWIFT_VERSION = 5.0;
				TARGETED_DEVICE_FAMILY = "1,2";
			};
			name = Release;
		};
/* End XCBuildConfiguration section */

/* Begin XCConfigurationList section */
		D9154BBA2358E9FD00765269 /* Build configuration list for PBXProject "AltavianDemo" */ = {
			isa = XCConfigurationList;
			buildConfigurations = (
				D9154BD12358E9FE00765269 /* Debug */,
				D9154BD22358E9FE00765269 /* Release */,
			);
			defaultConfigurationIsVisible = 0;
			defaultConfigurationName = Release;
		};
		D9154BD32358E9FE00765269 /* Build configuration list for PBXNativeTarget "AltavianDemo" */ = {
			isa = XCConfigurationList;
			buildConfigurations = (
				D9154BD42358E9FE00765269 /* Debug */,
				D9154BD52358E9FE00765269 /* Release */,
			);
			defaultConfigurationIsVisible = 0;
			defaultConfigurationName = Release;
		};
/* End XCConfigurationList section */
	};
	rootObject = D9154BB72358E9FD00765269 /* Project object */;
}
